{
    "version": 3,
    "terraform_version": "0.11.10",
    "serial": 15,
    "lineage": "6c10ee7c-6611-197f-5c38-0c16ccb83e7b",
    "modules": [
        {
            "path": [
                "root"
            ],
            "outputs": {
                "bastion-public_ip": {
                    "sensitive": false,
                    "type": "string",
                    "value": "54.204.78.133"
                }
            },
            "resources": {},
            "depends_on": []
        },
        {
            "path": [
                "root",
                "kubernetes"
            ],
            "outputs": {
                "bastion-private_dns": {
                    "sensitive": false,
                    "type": "string",
                    "value": "ip-10-0-1-153.ec2.internal"
                },
                "bastion-private_ip": {
                    "sensitive": false,
                    "type": "string",
                    "value": "10.0.1.153"
                },
                "bastion-public_ip": {
                    "sensitive": false,
                    "type": "string",
                    "value": "54.204.78.133"
                },
                "node-private_dns": {
                    "sensitive": false,
                    "type": "list",
                    "value": [
                        "ip-10-0-1-215.ec2.internal",
                        "ip-10-0-1-76.ec2.internal",
                        "ip-10-0-1-105.ec2.internal",
                        "ip-10-0-1-174.ec2.internal",
                        "ip-10-0-1-49.ec2.internal",
                        "ip-10-0-1-194.ec2.internal"
                    ]
                },
                "node-private_ip": {
                    "sensitive": false,
                    "type": "list",
                    "value": [
                        "10.0.1.215",
                        "10.0.1.76",
                        "10.0.1.105",
                        "10.0.1.174",
                        "10.0.1.49",
                        "10.0.1.194"
                    ]
                },
                "node-public_ip": {
                    "sensitive": false,
                    "type": "list",
                    "value": [
                        "34.207.183.50",
                        "3.93.200.114",
                        "34.229.129.222",
                        "3.88.209.41",
                        "3.80.26.253",
                        "54.163.216.243"
                    ]
                }
            },
            "resources": {
                "aws_eip.bastion_eip": {
                    "type": "aws_eip",
                    "depends_on": [
                        "aws_instance.bastion"
                    ],
                    "primary": {
                        "id": "eipalloc-04f8831c4984827a5",
                        "attributes": {
                            "association_id": "eipassoc-05d128d1db9affff5",
                            "domain": "vpc",
                            "id": "eipalloc-04f8831c4984827a5",
                            "instance": "i-09382d721f442fe57",
                            "network_interface": "eni-066ad54445efd03c6",
                            "private_ip": "10.0.1.153",
                            "public_ip": "54.204.78.133",
                            "public_ipv4_pool": "amazon",
                            "tags.%": "0",
                            "vpc": "true"
                        },
                        "meta": {
                            "e2bfb730-ecaa-11e6-8f88-34363bc7c4c0": {
                                "delete": 180000000000,
                                "read": 900000000000,
                                "update": 300000000000
                            }
                        },
                        "tainted": false
                    },
                    "deposed": [],
                    "provider": "provider.aws"
                },
                "aws_iam_access_key.kubernetes-aws-user": {
                    "type": "aws_iam_access_key",
                    "depends_on": [
                        "aws_iam_user.kubernetes-aws-user"
                    ],
                    "primary": {
                        "id": "AKIAJRU5QXVJX6D565YA",
                        "attributes": {
                            "id": "AKIAJRU5QXVJX6D565YA",
                            "secret": "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",
                            "ses_smtp_password": "An64zWFYWBlTdIc1rNgviV9lItl95j/0IQ58cWWJ+mOC",
                            "status": "Active",
                            "user": "kubernetes-aws-user"
                        },
                        "meta": {},
                        "tainted": false
                    },
                    "deposed": [],
                    "provider": "provider.aws"
                },
                "aws_iam_instance_profile.bastion-instance-profile": {
                    "type": "aws_iam_instance_profile",
                    "depends_on": [
                        "aws_iam_role.kubernetes-instance-role"
                    ],
                    "primary": {
                        "id": "bastion-instance-profile",
                        "attributes": {
                            "arn": "arn:aws:iam::775716604436:instance-profile/bastion-instance-profile",
                            "create_date": "2019-03-18T03:04:31Z",
                            "id": "bastion-instance-profile",
                            "name": "bastion-instance-profile",
                            "path": "/",
                            "role": "kubernetes-instance-role",
                            "roles.#": "0",
                            "unique_id": "AIPAJCA6XOLTZLNHLMAAQ"
                        },
                        "meta": {},
                        "tainted": false
                    },
                    "deposed": [],
                    "provider": "provider.aws"
                },
                "aws_iam_instance_profile.kubernetes-instance-profile": {
                    "type": "aws_iam_instance_profile",
                    "depends_on": [
                        "aws_iam_role.kubernetes-instance-role"
                    ],
                    "primary": {
                        "id": "kubernetes-instance-profile",
                        "attributes": {
                            "arn": "arn:aws:iam::775716604436:instance-profile/kubernetes-instance-profile",
                            "create_date": "2019-03-18T03:04:31Z",
                            "id": "kubernetes-instance-profile",
                            "name": "kubernetes-instance-profile",
                            "path": "/",
                            "role": "kubernetes-instance-role",
                            "roles.#": "0",
                            "unique_id": "AIPAI6RD2TNVVJQUTDEOK"
                        },
                        "meta": {},
                        "tainted": false
                    },
                    "deposed": [],
                    "provider": "provider.aws"
                },
                "aws_iam_policy.kubernetes-policy-forward-logs": {
                    "type": "aws_iam_policy",
                    "depends_on": [],
                    "primary": {
                        "id": "arn:aws:iam::775716604436:policy/kubernetes-instance-forward-logs",
                        "attributes": {
                            "arn": "arn:aws:iam::775716604436:policy/kubernetes-instance-forward-logs",
                            "description": "Allows an instance to forward logs to CloudWatch",
                            "id": "arn:aws:iam::775716604436:policy/kubernetes-instance-forward-logs",
                            "name": "kubernetes-instance-forward-logs",
                            "path": "/",
                            "policy": "{\n  \"Version\": \"2012-10-17\",\n  \"Statement\": [\n    {\n      \"Effect\": \"Allow\",\n      \"Action\": [\n        \"logs:CreateLogGroup\",\n        \"logs:CreateLogStream\",\n        \"logs:PutLogEvents\",\n        \"logs:DescribeLogStreams\"\n      ],\n      \"Resource\": [\n        \"arn:aws:logs:*:*:*\"\n      ]\n    }\n  ]\n}\n"
                        },
                        "meta": {},
                        "tainted": false
                    },
                    "deposed": [],
                    "provider": "provider.aws"
                },
                "aws_iam_policy_attachment.kubernetes-attachment-forward-logs": {
                    "type": "aws_iam_policy_attachment",
                    "depends_on": [
                        "aws_iam_policy.kubernetes-policy-forward-logs",
                        "aws_iam_role.kubernetes-instance-role"
                    ],
                    "primary": {
                        "id": "kubernetes-attachment-forward-logs",
                        "attributes": {
                            "groups.#": "0",
                            "id": "kubernetes-attachment-forward-logs",
                            "name": "kubernetes-attachment-forward-logs",
                            "policy_arn": "arn:aws:iam::775716604436:policy/kubernetes-instance-forward-logs",
                            "roles.#": "1",
                            "roles.3723702796": "kubernetes-instance-role",
                            "users.#": "0"
                        },
                        "meta": {},
                        "tainted": false
                    },
                    "deposed": [],
                    "provider": "provider.aws"
                },
                "aws_iam_role.kubernetes-instance-role": {
                    "type": "aws_iam_role",
                    "depends_on": [],
                    "primary": {
                        "id": "kubernetes-instance-role",
                        "attributes": {
                            "arn": "arn:aws:iam::775716604436:role/kubernetes-instance-role",
                            "assume_role_policy": "{\"Version\":\"2012-10-17\",\"Statement\":[{\"Sid\":\"\",\"Effect\":\"Allow\",\"Principal\":{\"Service\":\"ec2.amazonaws.com\"},\"Action\":\"sts:AssumeRole\"}]}",
                            "create_date": "2019-03-18T03:04:26Z",
                            "description": "",
                            "force_detach_policies": "false",
                            "id": "kubernetes-instance-role",
                            "max_session_duration": "3600",
                            "name": "kubernetes-instance-role",
                            "path": "/",
                            "tags.%": "0",
                            "unique_id": "AROAIW2DLDMVV7CM4TWKM"
                        },
                        "meta": {},
                        "tainted": false
                    },
                    "deposed": [],
                    "provider": "provider.aws"
                },
                "aws_iam_user.kubernetes-aws-user": {
                    "type": "aws_iam_user",
                    "depends_on": [],
                    "primary": {
                        "id": "kubernetes-aws-user",
                        "attributes": {
                            "arn": "arn:aws:iam::775716604436:user/kubernetes-aws-user",
                            "force_destroy": "false",
                            "id": "kubernetes-aws-user",
                            "name": "kubernetes-aws-user",
                            "path": "/",
                            "tags.%": "0",
                            "unique_id": "AIDAII4VVZL54RBY5XHN6"
                        },
                        "meta": {},
                        "tainted": false
                    },
                    "deposed": [],
                    "provider": "provider.aws"
                },
                "aws_iam_user_policy.kubernetes-aws-user": {
                    "type": "aws_iam_user_policy",
                    "depends_on": [
                        "aws_iam_user.kubernetes-aws-user"
                    ],
                    "primary": {
                        "id": "kubernetes-aws-user:kubernetes-aws-user-policy",
                        "attributes": {
                            "id": "kubernetes-aws-user:kubernetes-aws-user-policy",
                            "name": "kubernetes-aws-user-policy",
                            "policy": "{\n  \"Version\": \"2012-10-17\",\n  \"Statement\": [\n    {\n      \"Effect\": \"Allow\",\n      \"Action\": [\n        \"ec2:DescribeVolume*\",\n        \"ec2:CreateVolume\",\n        \"ec2:CreateTags\",\n        \"ec2:DescribeInstance*\",\n        \"ec2:AttachVolume\",\n        \"ec2:DetachVolume\",\n        \"ec2:DeleteVolume\",\n        \"ec2:DescribeSubnets\",\n        \"ec2:CreateSecurityGroup\",\n        \"ec2:DescribeSecurityGroups\",\n        \"elasticloadbalancing:DescribeTags\",\n        \"elasticloadbalancing:CreateLoadBalancerListeners\",\n        \"ec2:DescribeRouteTables\",\n        \"elasticloadbalancing:ConfigureHealthCheck\",\n        \"ec2:AuthorizeSecurityGroupIngress\",\n        \"elasticloadbalancing:DeleteLoadBalancerListeners\",\n        \"elasticloadbalancing:RegisterInstancesWithLoadBalancer\",\n        \"elasticloadbalancing:DescribeLoadBalancers\",\n        \"elasticloadbalancing:CreateLoadBalancer\",\n        \"elasticloadbalancing:DeleteLoadBalancer\",\n        \"elasticloadbalancing:ModifyLoadBalancerAttributes\",\n        \"elasticloadbalancing:DescribeLoadBalancerAttributes\"\n      ],\n      \"Resource\": \"*\"\n    }\n  ]\n}\n",
                            "user": "kubernetes-aws-user"
                        },
                        "meta": {},
                        "tainted": false
                    },
                    "deposed": [],
                    "provider": "provider.aws"
                },
                "aws_instance.bastion": {
                    "type": "aws_instance",
                    "depends_on": [
                        "aws_iam_instance_profile.bastion-instance-profile",
                        "aws_key_pair.keypair",
                        "aws_security_group.kubernetes-public-egress",
                        "aws_security_group.kubernetes-ssh",
                        "aws_security_group.kubernetes-vpc",
                        "aws_subnet.public-subnet",
                        "data.aws_ami.ubuntu_16",
                        "local.common_tags"
                    ],
                    "primary": {
                        "id": "i-09382d721f442fe57",
                        "attributes": {
                            "ami": "ami-0c835d91df905128e",
                            "arn": "arn:aws:ec2:us-east-1:775716604436:instance/i-09382d721f442fe57",
                            "associate_public_ip_address": "true",
                            "availability_zone": "us-east-1a",
                            "cpu_core_count": "1",
                            "cpu_threads_per_core": "1",
                            "credit_specification.#": "1",
                            "credit_specification.0.cpu_credits": "standard",
                            "disable_api_termination": "false",
                            "ebs_block_device.#": "0",
                            "ebs_optimized": "false",
                            "ephemeral_block_device.#": "0",
                            "get_password_data": "false",
                            "iam_instance_profile": "bastion-instance-profile",
                            "id": "i-09382d721f442fe57",
                            "instance_state": "running",
                            "instance_type": "t2.small",
                            "ipv6_addresses.#": "0",
                            "key_name": "kubernetes",
                            "monitoring": "false",
                            "network_interface.#": "0",
                            "password_data": "",
                            "placement_group": "",
                            "primary_network_interface_id": "eni-066ad54445efd03c6",
                            "private_dns": "ip-10-0-1-153.ec2.internal",
                            "private_ip": "10.0.1.153",
                            "public_dns": "ec2-3-95-220-102.compute-1.amazonaws.com",
                            "public_ip": "3.95.220.102",
                            "root_block_device.#": "1",
                            "root_block_device.0.delete_on_termination": "true",
                            "root_block_device.0.iops": "100",
                            "root_block_device.0.volume_id": "vol-03b97de34be4294a3",
                            "root_block_device.0.volume_size": "8",
                            "root_block_device.0.volume_type": "gp2",
                            "security_groups.#": "0",
                            "source_dest_check": "true",
                            "subnet_id": "subnet-03053cfab91a2c4c2",
                            "tags.%": "3",
                            "tags.Name": "Kubernetes Bastion",
                            "tags.Project": "kubernetes",
                            "tags.kubernetes.io/cluster/kubernetes-cluster": "kubernetes-cluster-us-east-1",
                            "tenancy": "default",
                            "volume_tags.%": "0",
                            "vpc_security_group_ids.#": "3",
                            "vpc_security_group_ids.2800912321": "sg-038665c2fb2f43593",
                            "vpc_security_group_ids.2927865645": "sg-03d8b9cdf0c5a02e0",
                            "vpc_security_group_ids.993771532": "sg-0cff5e04b67be5ea7"
                        },
                        "meta": {
                            "e2bfb730-ecaa-11e6-8f88-34363bc7c4c0": {
                                "create": 600000000000,
                                "delete": 1200000000000,
                                "update": 600000000000
                            },
                            "schema_version": "1"
                        },
                        "tainted": false
                    },
                    "deposed": [],
                    "provider": "provider.aws"
                },
                "aws_instance.node.0": {
                    "type": "aws_instance",
                    "depends_on": [
                        "aws_iam_instance_profile.kubernetes-instance-profile",
                        "aws_key_pair.keypair",
                        "aws_security_group.kubernetes-public-egress",
                        "aws_security_group.kubernetes-public-ingress",
                        "aws_security_group.kubernetes-vpc",
                        "aws_subnet.public-subnet",
                        "data.aws_ami.ubuntu_16",
                        "local.common_tags"
                    ],
                    "primary": {
                        "id": "i-0f909bbb19a3997fd",
                        "attributes": {
                            "ami": "ami-0c835d91df905128e",
                            "arn": "arn:aws:ec2:us-east-1:775716604436:instance/i-0f909bbb19a3997fd",
                            "associate_public_ip_address": "true",
                            "availability_zone": "us-east-1a",
                            "cpu_core_count": "2",
                            "cpu_threads_per_core": "1",
                            "credit_specification.#": "1",
                            "credit_specification.0.cpu_credits": "standard",
                            "disable_api_termination": "false",
                            "ebs_block_device.#": "1",
                            "ebs_block_device.2659407853.delete_on_termination": "true",
                            "ebs_block_device.2659407853.device_name": "/dev/sdf",
                            "ebs_block_device.2659407853.encrypted": "false",
                            "ebs_block_device.2659407853.iops": "240",
                            "ebs_block_device.2659407853.snapshot_id": "",
                            "ebs_block_device.2659407853.volume_id": "vol-0a8281291f358ce14",
                            "ebs_block_device.2659407853.volume_size": "80",
                            "ebs_block_device.2659407853.volume_type": "gp2",
                            "ebs_optimized": "false",
                            "ephemeral_block_device.#": "0",
                            "get_password_data": "false",
                            "iam_instance_profile": "kubernetes-instance-profile",
                            "id": "i-0f909bbb19a3997fd",
                            "instance_state": "pending",
                            "instance_type": "t2.medium",
                            "ipv6_addresses.#": "0",
                            "key_name": "kubernetes",
                            "monitoring": "false",
                            "network_interface.#": "0",
                            "password_data": "",
                            "placement_group": "",
                            "primary_network_interface_id": "eni-01c7fe8e5c7be17cd",
                            "private_dns": "ip-10-0-1-215.ec2.internal",
                            "private_ip": "10.0.1.215",
                            "public_dns": "ec2-34-207-183-50.compute-1.amazonaws.com",
                            "public_ip": "34.207.183.50",
                            "root_block_device.#": "1",
                            "root_block_device.0.delete_on_termination": "true",
                            "root_block_device.0.iops": "150",
                            "root_block_device.0.volume_id": "vol-0d0de284732e583d9",
                            "root_block_device.0.volume_size": "50",
                            "root_block_device.0.volume_type": "gp2",
                            "security_groups.#": "0",
                            "source_dest_check": "true",
                            "subnet_id": "subnet-03053cfab91a2c4c2",
                            "tags.%": "3",
                            "tags.Name": "Kubernetes Node 1",
                            "tags.Project": "kubernetes",
                            "tags.kubernetes.io/cluster/kubernetes-cluster": "kubernetes-cluster-us-east-1",
                            "tenancy": "default",
                            "volume_tags.%": "0",
                            "vpc_security_group_ids.#": "3",
                            "vpc_security_group_ids.2714283988": "sg-038242e98f084b9e5",
                            "vpc_security_group_ids.2800912321": "sg-038665c2fb2f43593",
                            "vpc_security_group_ids.2927865645": "sg-03d8b9cdf0c5a02e0"
                        },
                        "meta": {
                            "e2bfb730-ecaa-11e6-8f88-34363bc7c4c0": {
                                "create": 600000000000,
                                "delete": 1200000000000,
                                "update": 600000000000
                            },
                            "schema_version": "1"
                        },
                        "tainted": false
                    },
                    "deposed": [],
                    "provider": "provider.aws"
                },
                "aws_instance.node.1": {
                    "type": "aws_instance",
                    "depends_on": [
                        "aws_iam_instance_profile.kubernetes-instance-profile",
                        "aws_key_pair.keypair",
                        "aws_security_group.kubernetes-public-egress",
                        "aws_security_group.kubernetes-public-ingress",
                        "aws_security_group.kubernetes-vpc",
                        "aws_subnet.public-subnet",
                        "data.aws_ami.ubuntu_16",
                        "local.common_tags"
                    ],
                    "primary": {
                        "id": "i-0682ac38dfd1fda3f",
                        "attributes": {
                            "ami": "ami-0c835d91df905128e",
                            "arn": "arn:aws:ec2:us-east-1:775716604436:instance/i-0682ac38dfd1fda3f",
                            "associate_public_ip_address": "true",
                            "availability_zone": "us-east-1a",
                            "cpu_core_count": "2",
                            "cpu_threads_per_core": "1",
                            "credit_specification.#": "1",
                            "credit_specification.0.cpu_credits": "standard",
                            "disable_api_termination": "false",
                            "ebs_block_device.#": "1",
                            "ebs_block_device.2659407853.delete_on_termination": "true",
                            "ebs_block_device.2659407853.device_name": "/dev/sdf",
                            "ebs_block_device.2659407853.encrypted": "false",
                            "ebs_block_device.2659407853.iops": "240",
                            "ebs_block_device.2659407853.snapshot_id": "",
                            "ebs_block_device.2659407853.volume_id": "vol-0f06e4c63f8ddc0ba",
                            "ebs_block_device.2659407853.volume_size": "80",
                            "ebs_block_device.2659407853.volume_type": "gp2",
                            "ebs_optimized": "false",
                            "ephemeral_block_device.#": "0",
                            "get_password_data": "false",
                            "iam_instance_profile": "kubernetes-instance-profile",
                            "id": "i-0682ac38dfd1fda3f",
                            "instance_state": "running",
                            "instance_type": "t2.medium",
                            "ipv6_addresses.#": "0",
                            "key_name": "kubernetes",
                            "monitoring": "false",
                            "network_interface.#": "0",
                            "password_data": "",
                            "placement_group": "",
                            "primary_network_interface_id": "eni-02df43577b47e47ff",
                            "private_dns": "ip-10-0-1-76.ec2.internal",
                            "private_ip": "10.0.1.76",
                            "public_dns": "ec2-3-93-200-114.compute-1.amazonaws.com",
                            "public_ip": "3.93.200.114",
                            "root_block_device.#": "1",
                            "root_block_device.0.delete_on_termination": "true",
                            "root_block_device.0.iops": "150",
                            "root_block_device.0.volume_id": "vol-0af355e26f8cca882",
                            "root_block_device.0.volume_size": "50",
                            "root_block_device.0.volume_type": "gp2",
                            "security_groups.#": "0",
                            "source_dest_check": "true",
                            "subnet_id": "subnet-03053cfab91a2c4c2",
                            "tags.%": "3",
                            "tags.Name": "Kubernetes Node 2",
                            "tags.Project": "kubernetes",
                            "tags.kubernetes.io/cluster/kubernetes-cluster": "kubernetes-cluster-us-east-1",
                            "tenancy": "default",
                            "volume_tags.%": "0",
                            "vpc_security_group_ids.#": "3",
                            "vpc_security_group_ids.2714283988": "sg-038242e98f084b9e5",
                            "vpc_security_group_ids.2800912321": "sg-038665c2fb2f43593",
                            "vpc_security_group_ids.2927865645": "sg-03d8b9cdf0c5a02e0"
                        },
                        "meta": {
                            "e2bfb730-ecaa-11e6-8f88-34363bc7c4c0": {
                                "create": 600000000000,
                                "delete": 1200000000000,
                                "update": 600000000000
                            },
                            "schema_version": "1"
                        },
                        "tainted": false
                    },
                    "deposed": [],
                    "provider": "provider.aws"
                },
                "aws_instance.node.2": {
                    "type": "aws_instance",
                    "depends_on": [
                        "aws_iam_instance_profile.kubernetes-instance-profile",
                        "aws_key_pair.keypair",
                        "aws_security_group.kubernetes-public-egress",
                        "aws_security_group.kubernetes-public-ingress",
                        "aws_security_group.kubernetes-vpc",
                        "aws_subnet.public-subnet",
                        "data.aws_ami.ubuntu_16",
                        "local.common_tags"
                    ],
                    "primary": {
                        "id": "i-08d066457ccf8f904",
                        "attributes": {
                            "ami": "ami-0c835d91df905128e",
                            "arn": "arn:aws:ec2:us-east-1:775716604436:instance/i-08d066457ccf8f904",
                            "associate_public_ip_address": "true",
                            "availability_zone": "us-east-1a",
                            "cpu_core_count": "2",
                            "cpu_threads_per_core": "1",
                            "credit_specification.#": "1",
                            "credit_specification.0.cpu_credits": "standard",
                            "disable_api_termination": "false",
                            "ebs_block_device.#": "1",
                            "ebs_block_device.2659407853.delete_on_termination": "true",
                            "ebs_block_device.2659407853.device_name": "/dev/sdf",
                            "ebs_block_device.2659407853.encrypted": "false",
                            "ebs_block_device.2659407853.iops": "240",
                            "ebs_block_device.2659407853.snapshot_id": "",
                            "ebs_block_device.2659407853.volume_id": "vol-05c5615f6e97e56a4",
                            "ebs_block_device.2659407853.volume_size": "80",
                            "ebs_block_device.2659407853.volume_type": "gp2",
                            "ebs_optimized": "false",
                            "ephemeral_block_device.#": "0",
                            "get_password_data": "false",
                            "iam_instance_profile": "kubernetes-instance-profile",
                            "id": "i-08d066457ccf8f904",
                            "instance_state": "running",
                            "instance_type": "t2.medium",
                            "ipv6_addresses.#": "0",
                            "key_name": "kubernetes",
                            "monitoring": "false",
                            "network_interface.#": "0",
                            "password_data": "",
                            "placement_group": "",
                            "primary_network_interface_id": "eni-01ca4fe78570bac7d",
                            "private_dns": "ip-10-0-1-105.ec2.internal",
                            "private_ip": "10.0.1.105",
                            "public_dns": "ec2-34-229-129-222.compute-1.amazonaws.com",
                            "public_ip": "34.229.129.222",
                            "root_block_device.#": "1",
                            "root_block_device.0.delete_on_termination": "true",
                            "root_block_device.0.iops": "150",
                            "root_block_device.0.volume_id": "vol-000a2b06391f76830",
                            "root_block_device.0.volume_size": "50",
                            "root_block_device.0.volume_type": "gp2",
                            "security_groups.#": "0",
                            "source_dest_check": "true",
                            "subnet_id": "subnet-03053cfab91a2c4c2",
                            "tags.%": "3",
                            "tags.Name": "Kubernetes Node 3",
                            "tags.Project": "kubernetes",
                            "tags.kubernetes.io/cluster/kubernetes-cluster": "kubernetes-cluster-us-east-1",
                            "tenancy": "default",
                            "volume_tags.%": "0",
                            "vpc_security_group_ids.#": "3",
                            "vpc_security_group_ids.2714283988": "sg-038242e98f084b9e5",
                            "vpc_security_group_ids.2800912321": "sg-038665c2fb2f43593",
                            "vpc_security_group_ids.2927865645": "sg-03d8b9cdf0c5a02e0"
                        },
                        "meta": {
                            "e2bfb730-ecaa-11e6-8f88-34363bc7c4c0": {
                                "create": 600000000000,
                                "delete": 1200000000000,
                                "update": 600000000000
                            },
                            "schema_version": "1"
                        },
                        "tainted": false
                    },
                    "deposed": [],
                    "provider": "provider.aws"
                },
                "aws_instance.node.3": {
                    "type": "aws_instance",
                    "depends_on": [
                        "aws_iam_instance_profile.kubernetes-instance-profile",
                        "aws_key_pair.keypair",
                        "aws_security_group.kubernetes-public-egress",
                        "aws_security_group.kubernetes-public-ingress",
                        "aws_security_group.kubernetes-vpc",
                        "aws_subnet.public-subnet",
                        "data.aws_ami.ubuntu_16",
                        "local.common_tags"
                    ],
                    "primary": {
                        "id": "i-07e92f43ba8a73231",
                        "attributes": {
                            "ami": "ami-0c835d91df905128e",
                            "arn": "arn:aws:ec2:us-east-1:775716604436:instance/i-07e92f43ba8a73231",
                            "associate_public_ip_address": "true",
                            "availability_zone": "us-east-1a",
                            "cpu_core_count": "2",
                            "cpu_threads_per_core": "1",
                            "credit_specification.#": "1",
                            "credit_specification.0.cpu_credits": "standard",
                            "disable_api_termination": "false",
                            "ebs_block_device.#": "1",
                            "ebs_block_device.2659407853.delete_on_termination": "true",
                            "ebs_block_device.2659407853.device_name": "/dev/sdf",
                            "ebs_block_device.2659407853.encrypted": "false",
                            "ebs_block_device.2659407853.iops": "240",
                            "ebs_block_device.2659407853.snapshot_id": "",
                            "ebs_block_device.2659407853.volume_id": "vol-02498ff80b0f7a666",
                            "ebs_block_device.2659407853.volume_size": "80",
                            "ebs_block_device.2659407853.volume_type": "gp2",
                            "ebs_optimized": "false",
                            "ephemeral_block_device.#": "0",
                            "get_password_data": "false",
                            "iam_instance_profile": "kubernetes-instance-profile",
                            "id": "i-07e92f43ba8a73231",
                            "instance_state": "running",
                            "instance_type": "t2.medium",
                            "ipv6_addresses.#": "0",
                            "key_name": "kubernetes",
                            "monitoring": "false",
                            "network_interface.#": "0",
                            "password_data": "",
                            "placement_group": "",
                            "primary_network_interface_id": "eni-0373017bc7a1c7d6e",
                            "private_dns": "ip-10-0-1-174.ec2.internal",
                            "private_ip": "10.0.1.174",
                            "public_dns": "ec2-3-88-209-41.compute-1.amazonaws.com",
                            "public_ip": "3.88.209.41",
                            "root_block_device.#": "1",
                            "root_block_device.0.delete_on_termination": "true",
                            "root_block_device.0.iops": "150",
                            "root_block_device.0.volume_id": "vol-0ca5871546bdc51d1",
                            "root_block_device.0.volume_size": "50",
                            "root_block_device.0.volume_type": "gp2",
                            "security_groups.#": "0",
                            "source_dest_check": "true",
                            "subnet_id": "subnet-03053cfab91a2c4c2",
                            "tags.%": "3",
                            "tags.Name": "Kubernetes Node 4",
                            "tags.Project": "kubernetes",
                            "tags.kubernetes.io/cluster/kubernetes-cluster": "kubernetes-cluster-us-east-1",
                            "tenancy": "default",
                            "volume_tags.%": "0",
                            "vpc_security_group_ids.#": "3",
                            "vpc_security_group_ids.2714283988": "sg-038242e98f084b9e5",
                            "vpc_security_group_ids.2800912321": "sg-038665c2fb2f43593",
                            "vpc_security_group_ids.2927865645": "sg-03d8b9cdf0c5a02e0"
                        },
                        "meta": {
                            "e2bfb730-ecaa-11e6-8f88-34363bc7c4c0": {
                                "create": 600000000000,
                                "delete": 1200000000000,
                                "update": 600000000000
                            },
                            "schema_version": "1"
                        },
                        "tainted": false
                    },
                    "deposed": [],
                    "provider": "provider.aws"
                },
                "aws_instance.node.4": {
                    "type": "aws_instance",
                    "depends_on": [
                        "aws_iam_instance_profile.kubernetes-instance-profile",
                        "aws_key_pair.keypair",
                        "aws_security_group.kubernetes-public-egress",
                        "aws_security_group.kubernetes-public-ingress",
                        "aws_security_group.kubernetes-vpc",
                        "aws_subnet.public-subnet",
                        "data.aws_ami.ubuntu_16",
                        "local.common_tags"
                    ],
                    "primary": {
                        "id": "i-0662b1b1f8d4f5c5e",
                        "attributes": {
                            "ami": "ami-0c835d91df905128e",
                            "arn": "arn:aws:ec2:us-east-1:775716604436:instance/i-0662b1b1f8d4f5c5e",
                            "associate_public_ip_address": "true",
                            "availability_zone": "us-east-1a",
                            "cpu_core_count": "2",
                            "cpu_threads_per_core": "1",
                            "credit_specification.#": "1",
                            "credit_specification.0.cpu_credits": "standard",
                            "disable_api_termination": "false",
                            "ebs_block_device.#": "1",
                            "ebs_block_device.2659407853.delete_on_termination": "true",
                            "ebs_block_device.2659407853.device_name": "/dev/sdf",
                            "ebs_block_device.2659407853.encrypted": "false",
                            "ebs_block_device.2659407853.iops": "240",
                            "ebs_block_device.2659407853.snapshot_id": "",
                            "ebs_block_device.2659407853.volume_id": "vol-08588cb8a4eb56264",
                            "ebs_block_device.2659407853.volume_size": "80",
                            "ebs_block_device.2659407853.volume_type": "gp2",
                            "ebs_optimized": "false",
                            "ephemeral_block_device.#": "0",
                            "get_password_data": "false",
                            "iam_instance_profile": "kubernetes-instance-profile",
                            "id": "i-0662b1b1f8d4f5c5e",
                            "instance_state": "running",
                            "instance_type": "t2.medium",
                            "ipv6_addresses.#": "0",
                            "key_name": "kubernetes",
                            "monitoring": "false",
                            "network_interface.#": "0",
                            "password_data": "",
                            "placement_group": "",
                            "primary_network_interface_id": "eni-099accfec65eafb7a",
                            "private_dns": "ip-10-0-1-49.ec2.internal",
                            "private_ip": "10.0.1.49",
                            "public_dns": "ec2-3-80-26-253.compute-1.amazonaws.com",
                            "public_ip": "3.80.26.253",
                            "root_block_device.#": "1",
                            "root_block_device.0.delete_on_termination": "true",
                            "root_block_device.0.iops": "150",
                            "root_block_device.0.volume_id": "vol-0dd1ee6ecce7ad65d",
                            "root_block_device.0.volume_size": "50",
                            "root_block_device.0.volume_type": "gp2",
                            "security_groups.#": "0",
                            "source_dest_check": "true",
                            "subnet_id": "subnet-03053cfab91a2c4c2",
                            "tags.%": "3",
                            "tags.Name": "Kubernetes Node 5",
                            "tags.Project": "kubernetes",
                            "tags.kubernetes.io/cluster/kubernetes-cluster": "kubernetes-cluster-us-east-1",
                            "tenancy": "default",
                            "volume_tags.%": "0",
                            "vpc_security_group_ids.#": "3",
                            "vpc_security_group_ids.2714283988": "sg-038242e98f084b9e5",
                            "vpc_security_group_ids.2800912321": "sg-038665c2fb2f43593",
                            "vpc_security_group_ids.2927865645": "sg-03d8b9cdf0c5a02e0"
                        },
                        "meta": {
                            "e2bfb730-ecaa-11e6-8f88-34363bc7c4c0": {
                                "create": 600000000000,
                                "delete": 1200000000000,
                                "update": 600000000000
                            },
                            "schema_version": "1"
                        },
                        "tainted": false
                    },
                    "deposed": [],
                    "provider": "provider.aws"
                },
                "aws_instance.node.5": {
                    "type": "aws_instance",
                    "depends_on": [
                        "aws_iam_instance_profile.kubernetes-instance-profile",
                        "aws_key_pair.keypair",
                        "aws_security_group.kubernetes-public-egress",
                        "aws_security_group.kubernetes-public-ingress",
                        "aws_security_group.kubernetes-vpc",
                        "aws_subnet.public-subnet",
                        "data.aws_ami.ubuntu_16",
                        "local.common_tags"
                    ],
                    "primary": {
                        "id": "i-0f2200340bf5eea0d",
                        "attributes": {
                            "ami": "ami-0c835d91df905128e",
                            "arn": "arn:aws:ec2:us-east-1:775716604436:instance/i-0f2200340bf5eea0d",
                            "associate_public_ip_address": "true",
                            "availability_zone": "us-east-1a",
                            "cpu_core_count": "2",
                            "cpu_threads_per_core": "1",
                            "credit_specification.#": "1",
                            "credit_specification.0.cpu_credits": "standard",
                            "disable_api_termination": "false",
                            "ebs_block_device.#": "1",
                            "ebs_block_device.2659407853.delete_on_termination": "true",
                            "ebs_block_device.2659407853.device_name": "/dev/sdf",
                            "ebs_block_device.2659407853.encrypted": "false",
                            "ebs_block_device.2659407853.iops": "240",
                            "ebs_block_device.2659407853.snapshot_id": "",
                            "ebs_block_device.2659407853.volume_id": "vol-039952f9c285f39d6",
                            "ebs_block_device.2659407853.volume_size": "80",
                            "ebs_block_device.2659407853.volume_type": "gp2",
                            "ebs_optimized": "false",
                            "ephemeral_block_device.#": "0",
                            "get_password_data": "false",
                            "iam_instance_profile": "kubernetes-instance-profile",
                            "id": "i-0f2200340bf5eea0d",
                            "instance_state": "running",
                            "instance_type": "t2.medium",
                            "ipv6_addresses.#": "0",
                            "key_name": "kubernetes",
                            "monitoring": "false",
                            "network_interface.#": "0",
                            "password_data": "",
                            "placement_group": "",
                            "primary_network_interface_id": "eni-0b342e3cb95b7c519",
                            "private_dns": "ip-10-0-1-194.ec2.internal",
                            "private_ip": "10.0.1.194",
                            "public_dns": "ec2-54-163-216-243.compute-1.amazonaws.com",
                            "public_ip": "54.163.216.243",
                            "root_block_device.#": "1",
                            "root_block_device.0.delete_on_termination": "true",
                            "root_block_device.0.iops": "150",
                            "root_block_device.0.volume_id": "vol-09a4404e78129cc1c",
                            "root_block_device.0.volume_size": "50",
                            "root_block_device.0.volume_type": "gp2",
                            "security_groups.#": "0",
                            "source_dest_check": "true",
                            "subnet_id": "subnet-03053cfab91a2c4c2",
                            "tags.%": "3",
                            "tags.Name": "Kubernetes Node 6",
                            "tags.Project": "kubernetes",
                            "tags.kubernetes.io/cluster/kubernetes-cluster": "kubernetes-cluster-us-east-1",
                            "tenancy": "default",
                            "volume_tags.%": "0",
                            "vpc_security_group_ids.#": "3",
                            "vpc_security_group_ids.2714283988": "sg-038242e98f084b9e5",
                            "vpc_security_group_ids.2800912321": "sg-038665c2fb2f43593",
                            "vpc_security_group_ids.2927865645": "sg-03d8b9cdf0c5a02e0"
                        },
                        "meta": {
                            "e2bfb730-ecaa-11e6-8f88-34363bc7c4c0": {
                                "create": 600000000000,
                                "delete": 1200000000000,
                                "update": 600000000000
                            },
                            "schema_version": "1"
                        },
                        "tainted": false
                    },
                    "deposed": [],
                    "provider": "provider.aws"
                },
                "aws_internet_gateway.kubernetes": {
                    "type": "aws_internet_gateway",
                    "depends_on": [
                        "aws_vpc.kubernetes",
                        "local.common_tags"
                    ],
                    "primary": {
                        "id": "igw-02efdcc3d75158fc5",
                        "attributes": {
                            "id": "igw-02efdcc3d75158fc5",
                            "owner_id": "775716604436",
                            "tags.%": "3",
                            "tags.Name": "Kubernetes IGW",
                            "tags.Project": "kubernetes",
                            "tags.kubernetes.io/cluster/kubernetes-cluster": "kubernetes-cluster-us-east-1",
                            "vpc_id": "vpc-0195ac5a0187e9f31"
                        },
                        "meta": {},
                        "tainted": false
                    },
                    "deposed": [],
                    "provider": "provider.aws"
                },
                "aws_key_pair.keypair": {
                    "type": "aws_key_pair",
                    "depends_on": [],
                    "primary": {
                        "id": "kubernetes",
                        "attributes": {
                            "fingerprint": "91:a6:f4:81:eb:ac:2f:13:c5:ed:73:8d:e6:74:b6:e7",
                            "id": "kubernetes",
                            "key_name": "kubernetes",
                            "public_key": "ssh-rsa AAAAB3NzaC1yc2EAAAADAQABAAACAQCfIclj04SSpHmxPHRo9CWMlWMpQWf1hVLOuzlOMEU+BYpBE7poqbbbUvoqLRatgOCW8sMkg6mV1zxQ7AljpEiwRQEmjzANKw+DD1xq1XOcu3oLZ9shtom1Ra9uqE+yxZzfH/DWZDeuqoAd38wpym2l/UYrw/CH1kldKOtQwn5VBJTn8c/57FqqCBBA0mgSBtl/MmxrsihASFlCkhyD+jYWLKxL7tTXIuNqPZYuvdjlXFsSmDELacyWlMuq5zWIssVCDfRqIXAvOBf/z32EpxmW0rt0MrXw6lunwinZ31C8qbaejDAlLGu9nWu/apgMfKXRw7vJiaV4e5svL89eA2iyuTDdthiJl7oB5wmT/71CMGPNPUhI9ofAoyMug/JFoKatIFFz+7R3p4kmGTMq1FpeErG5vVH9fyF8MD6bJH44sDdHM0QHG04fqwY5QY5xcZCJDDg7sy7DC/g4vhI5nSUC2vqhk45qA1lcl4Z3wYJJW6RbKLq8MhPjs+n2SuaEzBmkM4dNBs/BRyZERnlg6Qfv/UEqMyZEoX8q5ep4fJ0pdi01/D23L7PcTZtUnXAf5tXyQJz+XldDqDxdhB+oxUAc2N3KvbRWq5Mb2jBLogzsZkRYnSGKLJ56qLtNTJkmHmpGt9jh3rCsGBLyzDuR0rHGSqzY7rQ7O8/zEJsS11NPYw== dwmkerr@gmail.com"
                        },
                        "meta": {
                            "schema_version": "1"
                        },
                        "tainted": false
                    },
                    "deposed": [],
                    "provider": "provider.aws"
                },
                "aws_route53_record.node-a-record.0": {
                    "type": "aws_route53_record",
                    "depends_on": [
                        "aws_instance.node.*",
                        "aws_route53_zone.internal"
                    ],
                    "primary": {
                        "id": "ZT4SMWD3WD6D3_node1.kubernetes.local_A",
                        "attributes": {
                            "fqdn": "node1.kubernetes.local",
                            "id": "ZT4SMWD3WD6D3_node1.kubernetes.local_A",
                            "name": "node1.kubernetes.local",
                            "records.#": "1",
                            "records.1478380422": "10.0.1.215",
                            "ttl": "300",
                            "type": "A",
                            "zone_id": "ZT4SMWD3WD6D3"
                        },
                        "meta": {
                            "schema_version": "2"
                        },
                        "tainted": false
                    },
                    "deposed": [],
                    "provider": "provider.aws"
                },
                "aws_route53_record.node-a-record.1": {
                    "type": "aws_route53_record",
                    "depends_on": [
                        "aws_instance.node.*",
                        "aws_route53_zone.internal"
                    ],
                    "primary": {
                        "id": "ZT4SMWD3WD6D3_node2.kubernetes.local_A",
                        "attributes": {
                            "fqdn": "node2.kubernetes.local",
                            "id": "ZT4SMWD3WD6D3_node2.kubernetes.local_A",
                            "name": "node2.kubernetes.local",
                            "records.#": "1",
                            "records.2591983304": "10.0.1.76",
                            "ttl": "300",
                            "type": "A",
                            "zone_id": "ZT4SMWD3WD6D3"
                        },
                        "meta": {
                            "schema_version": "2"
                        },
                        "tainted": false
                    },
                    "deposed": [],
                    "provider": "provider.aws"
                },
                "aws_route53_record.node-a-record.2": {
                    "type": "aws_route53_record",
                    "depends_on": [
                        "aws_instance.node.*",
                        "aws_route53_zone.internal"
                    ],
                    "primary": {
                        "id": "ZT4SMWD3WD6D3_node3.kubernetes.local_A",
                        "attributes": {
                            "fqdn": "node3.kubernetes.local",
                            "id": "ZT4SMWD3WD6D3_node3.kubernetes.local_A",
                            "name": "node3.kubernetes.local",
                            "records.#": "1",
                            "records.1128514718": "10.0.1.105",
                            "ttl": "300",
                            "type": "A",
                            "zone_id": "ZT4SMWD3WD6D3"
                        },
                        "meta": {
                            "schema_version": "2"
                        },
                        "tainted": false
                    },
                    "deposed": [],
                    "provider": "provider.aws"
                },
                "aws_route53_record.node-a-record.3": {
                    "type": "aws_route53_record",
                    "depends_on": [
                        "aws_instance.node.*",
                        "aws_route53_zone.internal"
                    ],
                    "primary": {
                        "id": "ZT4SMWD3WD6D3_node4.kubernetes.local_A",
                        "attributes": {
                            "fqdn": "node4.kubernetes.local",
                            "id": "ZT4SMWD3WD6D3_node4.kubernetes.local_A",
                            "name": "node4.kubernetes.local",
                            "records.#": "1",
                            "records.2063950543": "10.0.1.174",
                            "ttl": "300",
                            "type": "A",
                            "zone_id": "ZT4SMWD3WD6D3"
                        },
                        "meta": {
                            "schema_version": "2"
                        },
                        "tainted": false
                    },
                    "deposed": [],
                    "provider": "provider.aws"
                },
                "aws_route53_record.node-a-record.4": {
                    "type": "aws_route53_record",
                    "depends_on": [
                        "aws_instance.node.*",
                        "aws_route53_zone.internal"
                    ],
                    "primary": {
                        "id": "ZT4SMWD3WD6D3_node5.kubernetes.local_A",
                        "attributes": {
                            "fqdn": "node5.kubernetes.local",
                            "id": "ZT4SMWD3WD6D3_node5.kubernetes.local_A",
                            "name": "node5.kubernetes.local",
                            "records.#": "1",
                            "records.569165978": "10.0.1.49",
                            "ttl": "300",
                            "type": "A",
                            "zone_id": "ZT4SMWD3WD6D3"
                        },
                        "meta": {
                            "schema_version": "2"
                        },
                        "tainted": false
                    },
                    "deposed": [],
                    "provider": "provider.aws"
                },
                "aws_route53_record.node-a-record.5": {
                    "type": "aws_route53_record",
                    "depends_on": [
                        "aws_instance.node.*",
                        "aws_route53_zone.internal"
                    ],
                    "primary": {
                        "id": "ZT4SMWD3WD6D3_node6.kubernetes.local_A",
                        "attributes": {
                            "fqdn": "node6.kubernetes.local",
                            "id": "ZT4SMWD3WD6D3_node6.kubernetes.local_A",
                            "name": "node6.kubernetes.local",
                            "records.#": "1",
                            "records.3850784577": "10.0.1.194",
                            "ttl": "300",
                            "type": "A",
                            "zone_id": "ZT4SMWD3WD6D3"
                        },
                        "meta": {
                            "schema_version": "2"
                        },
                        "tainted": false
                    },
                    "deposed": [],
                    "provider": "provider.aws"
                },
                "aws_route53_zone.internal": {
                    "type": "aws_route53_zone",
                    "depends_on": [
                        "aws_vpc.kubernetes"
                    ],
                    "primary": {
                        "id": "ZT4SMWD3WD6D3",
                        "attributes": {
                            "comment": "Kubernetes Cluster Internal DNS",
                            "delegation_set_id": "",
                            "force_destroy": "false",
                            "id": "ZT4SMWD3WD6D3",
                            "name": "kubernetes.local.",
                            "name_servers.#": "4",
                            "name_servers.0": "ns-0.awsdns-00.com.",
                            "name_servers.1": "ns-1024.awsdns-00.org.",
                            "name_servers.2": "ns-1536.awsdns-00.co.uk.",
                            "name_servers.3": "ns-512.awsdns-00.net.",
                            "tags.%": "2",
                            "tags.Name": "Kubernetes Internal DNS",
                            "tags.Project": "kubernetes",
                            "vpc.#": "1",
                            "vpc.206002374.vpc_id": "vpc-0195ac5a0187e9f31",
                            "vpc.206002374.vpc_region": "us-east-1",
                            "zone_id": "ZT4SMWD3WD6D3"
                        },
                        "meta": {},
                        "tainted": false
                    },
                    "deposed": [],
                    "provider": "provider.aws"
                },
                "aws_route_table.public": {
                    "type": "aws_route_table",
                    "depends_on": [
                        "aws_internet_gateway.kubernetes",
                        "aws_vpc.kubernetes",
                        "local.common_tags"
                    ],
                    "primary": {
                        "id": "rtb-03312e296c5299ca9",
                        "attributes": {
                            "id": "rtb-03312e296c5299ca9",
                            "owner_id": "775716604436",
                            "propagating_vgws.#": "0",
                            "route.#": "1",
                            "route.3032837582.cidr_block": "0.0.0.0/0",
                            "route.3032837582.egress_only_gateway_id": "",
                            "route.3032837582.gateway_id": "igw-02efdcc3d75158fc5",
                            "route.3032837582.instance_id": "",
                            "route.3032837582.ipv6_cidr_block": "",
                            "route.3032837582.nat_gateway_id": "",
                            "route.3032837582.network_interface_id": "",
                            "route.3032837582.transit_gateway_id": "",
                            "route.3032837582.vpc_peering_connection_id": "",
                            "tags.%": "3",
                            "tags.Name": "Kubernetes Public Route Table",
                            "tags.Project": "kubernetes",
                            "tags.kubernetes.io/cluster/kubernetes-cluster": "kubernetes-cluster-us-east-1",
                            "vpc_id": "vpc-0195ac5a0187e9f31"
                        },
                        "meta": {},
                        "tainted": false
                    },
                    "deposed": [],
                    "provider": "provider.aws"
                },
                "aws_route_table_association.public-subnet": {
                    "type": "aws_route_table_association",
                    "depends_on": [
                        "aws_route_table.public",
                        "aws_subnet.public-subnet"
                    ],
                    "primary": {
                        "id": "rtbassoc-0491b1586245cca03",
                        "attributes": {
                            "id": "rtbassoc-0491b1586245cca03",
                            "route_table_id": "rtb-03312e296c5299ca9",
                            "subnet_id": "subnet-03053cfab91a2c4c2"
                        },
                        "meta": {},
                        "tainted": false
                    },
                    "deposed": [],
                    "provider": "provider.aws"
                },
                "aws_security_group.kubernetes-public-egress": {
                    "type": "aws_security_group",
                    "depends_on": [
                        "aws_vpc.kubernetes",
                        "local.common_tags"
                    ],
                    "primary": {
                        "id": "sg-038665c2fb2f43593",
                        "attributes": {
                            "arn": "arn:aws:ec2:us-east-1:775716604436:security-group/sg-038665c2fb2f43593",
                            "description": "Security group that allows egress to the internet for instances over HTTP and HTTPS.",
                            "egress.#": "2",
                            "egress.2214680975.cidr_blocks.#": "1",
                            "egress.2214680975.cidr_blocks.0": "0.0.0.0/0",
                            "egress.2214680975.description": "",
                            "egress.2214680975.from_port": "80",
                            "egress.2214680975.ipv6_cidr_blocks.#": "0",
                            "egress.2214680975.prefix_list_ids.#": "0",
                            "egress.2214680975.protocol": "tcp",
                            "egress.2214680975.security_groups.#": "0",
                            "egress.2214680975.self": "false",
                            "egress.2214680975.to_port": "80",
                            "egress.2617001939.cidr_blocks.#": "1",
                            "egress.2617001939.cidr_blocks.0": "0.0.0.0/0",
                            "egress.2617001939.description": "",
                            "egress.2617001939.from_port": "443",
                            "egress.2617001939.ipv6_cidr_blocks.#": "0",
                            "egress.2617001939.prefix_list_ids.#": "0",
                            "egress.2617001939.protocol": "tcp",
                            "egress.2617001939.security_groups.#": "0",
                            "egress.2617001939.self": "false",
                            "egress.2617001939.to_port": "443",
                            "id": "sg-038665c2fb2f43593",
                            "ingress.#": "0",
                            "name": "kubernetes-public-egress",
                            "owner_id": "775716604436",
                            "revoke_rules_on_delete": "false",
                            "tags.%": "3",
                            "tags.Name": "Kubernetes Public Egress",
                            "tags.Project": "kubernetes",
                            "tags.kubernetes.io/cluster/kubernetes-cluster": "kubernetes-cluster-us-east-1",
                            "vpc_id": "vpc-0195ac5a0187e9f31"
                        },
                        "meta": {
                            "e2bfb730-ecaa-11e6-8f88-34363bc7c4c0": {
                                "create": 600000000000,
                                "delete": 600000000000
                            },
                            "schema_version": "1"
                        },
                        "tainted": false
                    },
                    "deposed": [],
                    "provider": "provider.aws"
                },
                "aws_security_group.kubernetes-public-ingress": {
                    "type": "aws_security_group",
                    "depends_on": [
                        "aws_vpc.kubernetes",
                        "local.common_tags"
                    ],
                    "primary": {
                        "id": "sg-038242e98f084b9e5",
                        "attributes": {
                            "arn": "arn:aws:ec2:us-east-1:775716604436:security-group/sg-038242e98f084b9e5",
                            "description": "Security group that allows public ingress to instances, HTTP, HTTPS and more.",
                            "egress.#": "0",
                            "id": "sg-038242e98f084b9e5",
                            "ingress.#": "4",
                            "ingress.2214680975.cidr_blocks.#": "1",
                            "ingress.2214680975.cidr_blocks.0": "0.0.0.0/0",
                            "ingress.2214680975.description": "",
                            "ingress.2214680975.from_port": "80",
                            "ingress.2214680975.ipv6_cidr_blocks.#": "0",
                            "ingress.2214680975.prefix_list_ids.#": "0",
                            "ingress.2214680975.protocol": "tcp",
                            "ingress.2214680975.security_groups.#": "0",
                            "ingress.2214680975.self": "false",
                            "ingress.2214680975.to_port": "80",
                            "ingress.2617001939.cidr_blocks.#": "1",
                            "ingress.2617001939.cidr_blocks.0": "0.0.0.0/0",
                            "ingress.2617001939.description": "",
                            "ingress.2617001939.from_port": "443",
                            "ingress.2617001939.ipv6_cidr_blocks.#": "0",
                            "ingress.2617001939.prefix_list_ids.#": "0",
                            "ingress.2617001939.protocol": "tcp",
                            "ingress.2617001939.security_groups.#": "0",
                            "ingress.2617001939.self": "false",
                            "ingress.2617001939.to_port": "443",
                            "ingress.2715662207.cidr_blocks.#": "1",
                            "ingress.2715662207.cidr_blocks.0": "0.0.0.0/0",
                            "ingress.2715662207.description": "",
                            "ingress.2715662207.from_port": "8443",
                            "ingress.2715662207.ipv6_cidr_blocks.#": "0",
                            "ingress.2715662207.prefix_list_ids.#": "0",
                            "ingress.2715662207.protocol": "tcp",
                            "ingress.2715662207.security_groups.#": "0",
                            "ingress.2715662207.self": "false",
                            "ingress.2715662207.to_port": "8443",
                            "ingress.516175195.cidr_blocks.#": "1",
                            "ingress.516175195.cidr_blocks.0": "0.0.0.0/0",
                            "ingress.516175195.description": "",
                            "ingress.516175195.from_port": "8080",
                            "ingress.516175195.ipv6_cidr_blocks.#": "0",
                            "ingress.516175195.prefix_list_ids.#": "0",
                            "ingress.516175195.protocol": "tcp",
                            "ingress.516175195.security_groups.#": "0",
                            "ingress.516175195.self": "false",
                            "ingress.516175195.to_port": "8080",
                            "name": "kubernetes-public-ingress",
                            "owner_id": "775716604436",
                            "revoke_rules_on_delete": "false",
                            "tags.%": "3",
                            "tags.Name": "Kubernetes Public Ingress",
                            "tags.Project": "kubernetes",
                            "tags.kubernetes.io/cluster/kubernetes-cluster": "kubernetes-cluster-us-east-1",
                            "vpc_id": "vpc-0195ac5a0187e9f31"
                        },
                        "meta": {
                            "e2bfb730-ecaa-11e6-8f88-34363bc7c4c0": {
                                "create": 600000000000,
                                "delete": 600000000000
                            },
                            "schema_version": "1"
                        },
                        "tainted": false
                    },
                    "deposed": [],
                    "provider": "provider.aws"
                },
                "aws_security_group.kubernetes-ssh": {
                    "type": "aws_security_group",
                    "depends_on": [
                        "aws_vpc.kubernetes",
                        "local.common_tags"
                    ],
                    "primary": {
                        "id": "sg-0cff5e04b67be5ea7",
                        "attributes": {
                            "arn": "arn:aws:ec2:us-east-1:775716604436:security-group/sg-0cff5e04b67be5ea7",
                            "description": "Security group that allows public ingress over SSH.",
                            "egress.#": "0",
                            "id": "sg-0cff5e04b67be5ea7",
                            "ingress.#": "1",
                            "ingress.2541437006.cidr_blocks.#": "1",
                            "ingress.2541437006.cidr_blocks.0": "0.0.0.0/0",
                            "ingress.2541437006.description": "",
                            "ingress.2541437006.from_port": "22",
                            "ingress.2541437006.ipv6_cidr_blocks.#": "0",
                            "ingress.2541437006.prefix_list_ids.#": "0",
                            "ingress.2541437006.protocol": "tcp",
                            "ingress.2541437006.security_groups.#": "0",
                            "ingress.2541437006.self": "false",
                            "ingress.2541437006.to_port": "22",
                            "name": "kubernetes-ssh",
                            "owner_id": "775716604436",
                            "revoke_rules_on_delete": "false",
                            "tags.%": "3",
                            "tags.Name": "Kubernetes SSH Access",
                            "tags.Project": "kubernetes",
                            "tags.kubernetes.io/cluster/kubernetes-cluster": "kubernetes-cluster-us-east-1",
                            "vpc_id": "vpc-0195ac5a0187e9f31"
                        },
                        "meta": {
                            "e2bfb730-ecaa-11e6-8f88-34363bc7c4c0": {
                                "create": 600000000000,
                                "delete": 600000000000
                            },
                            "schema_version": "1"
                        },
                        "tainted": false
                    },
                    "deposed": [],
                    "provider": "provider.aws"
                },
                "aws_security_group.kubernetes-vpc": {
                    "type": "aws_security_group",
                    "depends_on": [
                        "aws_vpc.kubernetes",
                        "local.common_tags"
                    ],
                    "primary": {
                        "id": "sg-03d8b9cdf0c5a02e0",
                        "attributes": {
                            "arn": "arn:aws:ec2:us-east-1:775716604436:security-group/sg-03d8b9cdf0c5a02e0",
                            "description": "Default security group that allows all instances in the VPC to talk to each other over any port and protocol.",
                            "egress.#": "1",
                            "egress.753360330.cidr_blocks.#": "0",
                            "egress.753360330.description": "",
                            "egress.753360330.from_port": "0",
                            "egress.753360330.ipv6_cidr_blocks.#": "0",
                            "egress.753360330.prefix_list_ids.#": "0",
                            "egress.753360330.protocol": "-1",
                            "egress.753360330.security_groups.#": "0",
                            "egress.753360330.self": "true",
                            "egress.753360330.to_port": "0",
                            "id": "sg-03d8b9cdf0c5a02e0",
                            "ingress.#": "1",
                            "ingress.753360330.cidr_blocks.#": "0",
                            "ingress.753360330.description": "",
                            "ingress.753360330.from_port": "0",
                            "ingress.753360330.ipv6_cidr_blocks.#": "0",
                            "ingress.753360330.prefix_list_ids.#": "0",
                            "ingress.753360330.protocol": "-1",
                            "ingress.753360330.security_groups.#": "0",
                            "ingress.753360330.self": "true",
                            "ingress.753360330.to_port": "0",
                            "name": "kubernetes-vpc",
                            "owner_id": "775716604436",
                            "revoke_rules_on_delete": "false",
                            "tags.%": "3",
                            "tags.Name": "Kubernetes Internal VPC",
                            "tags.Project": "kubernetes",
                            "tags.kubernetes.io/cluster/kubernetes-cluster": "kubernetes-cluster-us-east-1",
                            "vpc_id": "vpc-0195ac5a0187e9f31"
                        },
                        "meta": {
                            "e2bfb730-ecaa-11e6-8f88-34363bc7c4c0": {
                                "create": 600000000000,
                                "delete": 600000000000
                            },
                            "schema_version": "1"
                        },
                        "tainted": false
                    },
                    "deposed": [],
                    "provider": "provider.aws"
                },
                "aws_subnet.public-subnet": {
                    "type": "aws_subnet",
                    "depends_on": [
                        "aws_internet_gateway.kubernetes",
                        "aws_vpc.kubernetes",
                        "data.aws_availability_zones.azs",
                        "local.common_tags"
                    ],
                    "primary": {
                        "id": "subnet-03053cfab91a2c4c2",
                        "attributes": {
                            "arn": "arn:aws:ec2:us-east-1:775716604436:subnet/subnet-03053cfab91a2c4c2",
                            "assign_ipv6_address_on_creation": "false",
                            "availability_zone": "us-east-1a",
                            "availability_zone_id": "use1-az4",
                            "cidr_block": "10.0.1.0/24",
                            "id": "subnet-03053cfab91a2c4c2",
                            "ipv6_cidr_block": "",
                            "ipv6_cidr_block_association_id": "",
                            "map_public_ip_on_launch": "true",
                            "owner_id": "775716604436",
                            "tags.%": "3",
                            "tags.Name": "Kubernetes Public Subnet",
                            "tags.Project": "kubernetes",
                            "tags.kubernetes.io/cluster/kubernetes-cluster": "kubernetes-cluster-us-east-1",
                            "vpc_id": "vpc-0195ac5a0187e9f31"
                        },
                        "meta": {
                            "e2bfb730-ecaa-11e6-8f88-34363bc7c4c0": {
                                "create": 600000000000,
                                "delete": 600000000000
                            },
                            "schema_version": "1"
                        },
                        "tainted": false
                    },
                    "deposed": [],
                    "provider": "provider.aws"
                },
                "aws_vpc.kubernetes": {
                    "type": "aws_vpc",
                    "depends_on": [
                        "local.common_tags"
                    ],
                    "primary": {
                        "id": "vpc-0195ac5a0187e9f31",
                        "attributes": {
                            "arn": "arn:aws:ec2:us-east-1:775716604436:vpc/vpc-0195ac5a0187e9f31",
                            "assign_generated_ipv6_cidr_block": "false",
                            "cidr_block": "10.0.0.0/16",
                            "default_network_acl_id": "acl-0689f9fde85ed7c88",
                            "default_route_table_id": "rtb-07a1f18825a9e5e8d",
                            "default_security_group_id": "sg-0c7183c949ac0a3c5",
                            "dhcp_options_id": "dopt-441da83c",
                            "enable_classiclink": "false",
                            "enable_classiclink_dns_support": "false",
                            "enable_dns_hostnames": "true",
                            "enable_dns_support": "true",
                            "id": "vpc-0195ac5a0187e9f31",
                            "instance_tenancy": "default",
                            "ipv6_association_id": "",
                            "ipv6_cidr_block": "",
                            "main_route_table_id": "rtb-07a1f18825a9e5e8d",
                            "owner_id": "775716604436",
                            "tags.%": "3",
                            "tags.Name": "Kubernetes VPC",
                            "tags.Project": "kubernetes",
                            "tags.kubernetes.io/cluster/kubernetes-cluster": "kubernetes-cluster-us-east-1"
                        },
                        "meta": {
                            "schema_version": "1"
                        },
                        "tainted": false
                    },
                    "deposed": [],
                    "provider": "provider.aws"
                },
                "data.aws_ami.amazonlinux": {
                    "type": "aws_ami",
                    "depends_on": [],
                    "primary": {
                        "id": "ami-0080e4c5bc078760e",
                        "attributes": {
                            "architecture": "x86_64",
                            "block_device_mappings.#": "1",
                            "block_device_mappings.340275815.device_name": "/dev/xvda",
                            "block_device_mappings.340275815.ebs.%": "6",
                            "block_device_mappings.340275815.ebs.delete_on_termination": "true",
                            "block_device_mappings.340275815.ebs.encrypted": "false",
                            "block_device_mappings.340275815.ebs.iops": "0",
                            "block_device_mappings.340275815.ebs.snapshot_id": "snap-01d81204beb02804b",
                            "block_device_mappings.340275815.ebs.volume_size": "8",
                            "block_device_mappings.340275815.ebs.volume_type": "gp2",
                            "block_device_mappings.340275815.no_device": "",
                            "block_device_mappings.340275815.virtual_name": "",
                            "creation_date": "2018-11-28T21:08:11.000Z",
                            "description": "Amazon Linux AMI 2018.03.0.20181129 x86_64 HVM gp2",
                            "filter.#": "4",
                            "filter.1281954306.name": "root-device-type",
                            "filter.1281954306.values.#": "1",
                            "filter.1281954306.values.0": "ebs",
                            "filter.2313955347.name": "name",
                            "filter.2313955347.values.#": "1",
                            "filter.2313955347.values.0": "amzn-ami-hvm-*",
                            "filter.3386043752.name": "architecture",
                            "filter.3386043752.values.#": "1",
                            "filter.3386043752.values.0": "x86_64",
                            "filter.490168357.name": "virtualization-type",
                            "filter.490168357.values.#": "1",
                            "filter.490168357.values.0": "hvm",
                            "hypervisor": "xen",
                            "id": "ami-0080e4c5bc078760e",
                            "image_id": "ami-0080e4c5bc078760e",
                            "image_location": "amazon/amzn-ami-hvm-2018.03.0.20181129-x86_64-gp2",
                            "image_owner_alias": "amazon",
                            "image_type": "machine",
                            "most_recent": "true",
                            "name": "amzn-ami-hvm-2018.03.0.20181129-x86_64-gp2",
                            "owner_id": "137112412989",
                            "owners.#": "1",
                            "owners.0": "137112412989",
                            "product_codes.#": "0",
                            "public": "true",
                            "root_device_name": "/dev/xvda",
                            "root_device_type": "ebs",
                            "root_snapshot_id": "snap-01d81204beb02804b",
                            "sriov_net_support": "simple",
                            "state": "available",
                            "state_reason.%": "2",
                            "state_reason.code": "UNSET",
                            "state_reason.message": "UNSET",
                            "tags.%": "0",
                            "virtualization_type": "hvm"
                        },
                        "meta": {},
                        "tainted": false
                    },
                    "deposed": [],
                    "provider": "provider.aws"
                },
                "data.aws_ami.rhel7_5": {
                    "type": "aws_ami",
                    "depends_on": [],
                    "primary": {
                        "id": "ami-0394fe9914b475c53",
                        "attributes": {
                            "architecture": "x86_64",
                            "block_device_mappings.#": "1",
                            "block_device_mappings.309099847.device_name": "/dev/sda1",
                            "block_device_mappings.309099847.ebs.%": "6",
                            "block_device_mappings.309099847.ebs.delete_on_termination": "true",
                            "block_device_mappings.309099847.ebs.encrypted": "false",
                            "block_device_mappings.309099847.ebs.iops": "0",
                            "block_device_mappings.309099847.ebs.snapshot_id": "snap-01cc239ae078f91f5",
                            "block_device_mappings.309099847.ebs.volume_size": "10",
                            "block_device_mappings.309099847.ebs.volume_type": "gp2",
                            "block_device_mappings.309099847.no_device": "",
                            "block_device_mappings.309099847.virtual_name": "",
                            "creation_date": "2018-08-15T15:58:52.000Z",
                            "description": "Provided by Red Hat, Inc.",
                            "filter.#": "4",
                            "filter.1092391903.name": "name",
                            "filter.1092391903.values.#": "1",
                            "filter.1092391903.values.0": "RHEL-7.5*",
                            "filter.1281954306.name": "root-device-type",
                            "filter.1281954306.values.#": "1",
                            "filter.1281954306.values.0": "ebs",
                            "filter.3386043752.name": "architecture",
                            "filter.3386043752.values.#": "1",
                            "filter.3386043752.values.0": "x86_64",
                            "filter.490168357.name": "virtualization-type",
                            "filter.490168357.values.#": "1",
                            "filter.490168357.values.0": "hvm",
                            "hypervisor": "xen",
                            "id": "ami-0394fe9914b475c53",
                            "image_id": "ami-0394fe9914b475c53",
                            "image_location": "309956199498/RHEL-7.5_HVM-20180813-x86_64-0-Hourly2-GP2",
                            "image_type": "machine",
                            "most_recent": "true",
                            "name": "RHEL-7.5_HVM-20180813-x86_64-0-Hourly2-GP2",
                            "owner_id": "309956199498",
                            "owners.#": "1",
                            "owners.0": "309956199498",
                            "product_codes.#": "0",
                            "public": "true",
                            "root_device_name": "/dev/sda1",
                            "root_device_type": "ebs",
                            "root_snapshot_id": "snap-01cc239ae078f91f5",
                            "sriov_net_support": "simple",
                            "state": "available",
                            "state_reason.%": "2",
                            "state_reason.code": "UNSET",
                            "state_reason.message": "UNSET",
                            "tags.%": "0",
                            "virtualization_type": "hvm"
                        },
                        "meta": {},
                        "tainted": false
                    },
                    "deposed": [],
                    "provider": "provider.aws"
                },
                "data.aws_ami.ubuntu_16": {
                    "type": "aws_ami",
                    "depends_on": [],
                    "primary": {
                        "id": "ami-0c835d91df905128e",
                        "attributes": {
                            "architecture": "x86_64",
                            "block_device_mappings.#": "3",
                            "block_device_mappings.1634610537.device_name": "/dev/sdb",
                            "block_device_mappings.1634610537.ebs.%": "0",
                            "block_device_mappings.1634610537.no_device": "",
                            "block_device_mappings.1634610537.virtual_name": "ephemeral0",
                            "block_device_mappings.2547816212.device_name": "/dev/sda1",
                            "block_device_mappings.2547816212.ebs.%": "6",
                            "block_device_mappings.2547816212.ebs.delete_on_termination": "true",
                            "block_device_mappings.2547816212.ebs.encrypted": "false",
                            "block_device_mappings.2547816212.ebs.iops": "0",
                            "block_device_mappings.2547816212.ebs.snapshot_id": "snap-0a2dd3fd2f0a5facb",
                            "block_device_mappings.2547816212.ebs.volume_size": "8",
                            "block_device_mappings.2547816212.ebs.volume_type": "gp2",
                            "block_device_mappings.2547816212.no_device": "",
                            "block_device_mappings.2547816212.virtual_name": "",
                            "block_device_mappings.3850042718.device_name": "/dev/sdc",
                            "block_device_mappings.3850042718.ebs.%": "0",
                            "block_device_mappings.3850042718.no_device": "",
                            "block_device_mappings.3850042718.virtual_name": "ephemeral1",
                            "creation_date": "2019-03-13T13:03:32.000Z",
                            "description": "Canonical, Ubuntu, 16.04 LTS, amd64 xenial image build on 2019-03-13",
                            "filter.#": "2",
                            "filter.1585153008.name": "name",
                            "filter.1585153008.values.#": "1",
                            "filter.1585153008.values.0": "ubuntu/images/hvm-ssd/ubuntu-xenial-16.04-amd64-server-*",
                            "filter.490168357.name": "virtualization-type",
                            "filter.490168357.values.#": "1",
                            "filter.490168357.values.0": "hvm",
                            "hypervisor": "xen",
                            "id": "ami-0c835d91df905128e",
                            "image_id": "ami-0c835d91df905128e",
                            "image_location": "099720109477/ubuntu/images/hvm-ssd/ubuntu-xenial-16.04-amd64-server-20190313",
                            "image_type": "machine",
                            "most_recent": "true",
                            "name": "ubuntu/images/hvm-ssd/ubuntu-xenial-16.04-amd64-server-20190313",
                            "owner_id": "099720109477",
                            "owners.#": "1",
                            "owners.0": "099720109477",
                            "product_codes.#": "0",
                            "public": "true",
                            "root_device_name": "/dev/sda1",
                            "root_device_type": "ebs",
                            "root_snapshot_id": "snap-0a2dd3fd2f0a5facb",
                            "sriov_net_support": "simple",
                            "state": "available",
                            "state_reason.%": "2",
                            "state_reason.code": "UNSET",
                            "state_reason.message": "UNSET",
                            "tags.%": "0",
                            "virtualization_type": "hvm"
                        },
                        "meta": {},
                        "tainted": false
                    },
                    "deposed": [],
                    "provider": "provider.aws"
                },
                "data.aws_availability_zones.azs": {
                    "type": "aws_availability_zones",
                    "depends_on": [],
                    "primary": {
                        "id": "2019-03-18 03:04:10.74403 +0000 UTC",
                        "attributes": {
                            "id": "2019-03-18 03:04:10.74403 +0000 UTC",
                            "names.#": "6",
                            "names.0": "us-east-1a",
                            "names.1": "us-east-1b",
                            "names.2": "us-east-1c",
                            "names.3": "us-east-1d",
                            "names.4": "us-east-1e",
                            "names.5": "us-east-1f",
                            "zone_ids.#": "6",
                            "zone_ids.0": "use1-az4",
                            "zone_ids.1": "use1-az6",
                            "zone_ids.2": "use1-az1",
                            "zone_ids.3": "use1-az2",
                            "zone_ids.4": "use1-az3",
                            "zone_ids.5": "use1-az5"
                        },
                        "meta": {},
                        "tainted": false
                    },
                    "deposed": [],
                    "provider": "provider.aws"
                },
                "data.template_file.inventory": {
                    "type": "template_file",
                    "depends_on": [
                        "aws_iam_access_key.kubernetes-aws-user"
                    ],
                    "primary": {
                        "id": "3b986d6adfeed588392d49a86176b6c3659f756692a57b942a1c9277a4d76e78",
                        "attributes": {
                            "id": "3b986d6adfeed588392d49a86176b6c3659f756692a57b942a1c9277a4d76e78",
                            "rendered": "# Note: This is based on the inventory template at:\n#\n#   https://github.com/kubernetes-sigs/kubespray/blob/master/inventory/sample/hosts.ini\n#\n# Be aware that even though we *have* a bastion, we don't use it here, because\n# this script will run *from* the bastion itself.\n\n# ## Configure 'ip' variable to bind kubernetes services on a\n# ## different ip than the default iface\n# ## We should set etcd_member_name for etcd cluster. The node that is not a etcd member do not need to set the value, or can set the empty string value.\n[all]\nnode1 ansible_host=node1.kubernetes.local  # ip=10.3.0.1 etcd_member_name=etcd1\nnode2 ansible_host=node2.kubernetes.local  # ip=10.3.0.2 etcd_member_name=etcd2\nnode3 ansible_host=node3.kubernetes.local  # ip=10.3.0.3 etcd_member_name=etcd3\nnode4 ansible_host=node4.kubernetes.local  # ip=10.3.0.4 etcd_member_name=etcd4\nnode5 ansible_host=node5.kubernetes.local  # ip=10.3.0.5 etcd_member_name=etcd5\nnode6 ansible_host=node6.kubernetes.local  # ip=10.3.0.6 etcd_member_name=etcd6\n\n[kube-master]\nnode1\nnode2\n\n[etcd]\nnode1\nnode2\nnode3\n\n[kube-node]\nnode2\nnode3\nnode4\nnode5\nnode6\n\n[k8s-cluster:children]\nkube-master\n",
                            "template": "# Note: This is based on the inventory template at:\n#\n#   https://github.com/kubernetes-sigs/kubespray/blob/master/inventory/sample/hosts.ini\n#\n# Be aware that even though we *have* a bastion, we don't use it here, because\n# this script will run *from* the bastion itself.\n\n# ## Configure 'ip' variable to bind kubernetes services on a\n# ## different ip than the default iface\n# ## We should set etcd_member_name for etcd cluster. The node that is not a etcd member do not need to set the value, or can set the empty string value.\n[all]\nnode1 ansible_host=node1.kubernetes.local  # ip=10.3.0.1 etcd_member_name=etcd1\nnode2 ansible_host=node2.kubernetes.local  # ip=10.3.0.2 etcd_member_name=etcd2\nnode3 ansible_host=node3.kubernetes.local  # ip=10.3.0.3 etcd_member_name=etcd3\nnode4 ansible_host=node4.kubernetes.local  # ip=10.3.0.4 etcd_member_name=etcd4\nnode5 ansible_host=node5.kubernetes.local  # ip=10.3.0.5 etcd_member_name=etcd5\nnode6 ansible_host=node6.kubernetes.local  # ip=10.3.0.6 etcd_member_name=etcd6\n\n[kube-master]\nnode1\nnode2\n\n[etcd]\nnode1\nnode2\nnode3\n\n[kube-node]\nnode2\nnode3\nnode4\nnode5\nnode6\n\n[k8s-cluster:children]\nkube-master\n",
                            "vars.%": "3",
                            "vars.access_key": "AKIAJRU5QXVJX6D565YA",
                            "vars.cluster_id": "kubernetes-cluster-us-east-1",
                            "vars.secret_key": "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"
                        },
                        "meta": {},
                        "tainted": false
                    },
                    "deposed": [],
                    "provider": "provider.template"
                },
                "data.template_file.setup-node": {
                    "type": "template_file",
                    "depends_on": [
                        "data.aws_availability_zones.azs"
                    ],
                    "primary": {
                        "id": "26800e1d8f88eb13886cb8d96691b5d784f998fd8299a84951dceb4d3f31ff84",
                        "attributes": {
                            "id": "26800e1d8f88eb13886cb8d96691b5d784f998fd8299a84951dceb4d3f31ff84",
                            "rendered": "#!/usr/bin/env bash\n\n# This script template is expected to be populated during the setup of a\n# OpenShift  node. It runs on host startup.\n\n# Log everything we do.\nset -x\nexec \u003e /var/log/user-data.log 2\u003e\u00261\n\n# TODO doesn't seem to work.\n# # Allow the ubuntu to sudo without a tty, which is required when we run post\n# # install scripts on the server.\n# echo Defaults:ubuntu \\!requiretty \u003e\u003e /etc/sudoers\n\nmkdir -p /etc/aws/\ncat \u003e /etc/aws/aws.conf \u003c\u003c- EOF\n[Global]\nZone = us-east-1a\nEOF\n\n# Create initial logs config.\ncat \u003e ./awslogs.conf \u003c\u003c- EOF\n[general]\nstate_file = /var/awslogs/state/agent-state\n\n[/var/log/messages]\nlog_stream_name = openshift-node-{instance_id}\nlog_group_name = /var/log/messages\nfile = /var/log/messages\ndatetime_format = %b %d %H:%M:%S\nbuffer_duration = 5000\ninitial_position = start_of_file\n\n[/var/log/user-data.log]\nlog_stream_name = openshift-node-{instance_id}\nlog_group_name = /var/log/user-data.log\nfile = /var/log/user-data.log\nEOF\n\n# Download and run the AWS logs agent.\ncurl https://s3.amazonaws.com/aws-cloudwatch/downloads/latest/awslogs-agent-setup.py -O\npython ./awslogs-agent-setup.py --non-interactive --region us-east-1 -c ./awslogs.conf\n\n# Start the awslogs service, also start on reboot.\n# Note: Errors go to /var/log/awslogs.log\nservice awslogs start\nchkconfig awslogs on\n\n# # OpenShift setup\n# # See: https://docs.openshift.org/latest/install_config/install/host_preparation.html\n\n# # Install packages required to setup OpenShift.\n# yum install -y wget git net-tools bind-utils iptables-services bridge-utils bash-completion\n# yum update -y\n\n# # Note: The step below is not in the official docs, I needed it to install\n# # Docker. If anyone finds out why, I'd love to know.\n# # See: https://forums.aws.amazon.com/thread.jspa?messageID=574126\n# yum-config-manager --enable rhui-REGION-rhel-server-extras\n\n# # Docker setup. Check the version with `docker version`, should be 1.12.\n# yum install -y docker\n\n# # Configure the Docker storage back end to prepare and use our EBS block device.\n# # https://docs.openshift.org/latest/install_config/install/host_preparation.html#configuring-docker-storage\n# # Why xvdf? See:\n# # http://docs.aws.amazon.com/AWSEC2/latest/UserGuide/ebs-using-volumes.html\n# cat \u003c\u003cEOF \u003e /etc/sysconfig/docker-storage-setup\n# DEVS=/dev/xvdf\n# VG=docker-vg\n# EOF\n# docker-storage-setup\n\n# # Restart docker and go to clean state as required by docker-storage-setup.\n# systemctl stop docker\n# rm -rf /var/lib/docker/*\n# systemctl restart docker\n",
                            "template": "#!/usr/bin/env bash\n\n# This script template is expected to be populated during the setup of a\n# OpenShift  node. It runs on host startup.\n\n# Log everything we do.\nset -x\nexec \u003e /var/log/user-data.log 2\u003e\u00261\n\n# TODO doesn't seem to work.\n# # Allow the ubuntu to sudo without a tty, which is required when we run post\n# # install scripts on the server.\n# echo Defaults:ubuntu \\!requiretty \u003e\u003e /etc/sudoers\n\nmkdir -p /etc/aws/\ncat \u003e /etc/aws/aws.conf \u003c\u003c- EOF\n[Global]\nZone = ${availability_zone}\nEOF\n\n# Create initial logs config.\ncat \u003e ./awslogs.conf \u003c\u003c- EOF\n[general]\nstate_file = /var/awslogs/state/agent-state\n\n[/var/log/messages]\nlog_stream_name = openshift-node-{instance_id}\nlog_group_name = /var/log/messages\nfile = /var/log/messages\ndatetime_format = %b %d %H:%M:%S\nbuffer_duration = 5000\ninitial_position = start_of_file\n\n[/var/log/user-data.log]\nlog_stream_name = openshift-node-{instance_id}\nlog_group_name = /var/log/user-data.log\nfile = /var/log/user-data.log\nEOF\n\n# Download and run the AWS logs agent.\ncurl https://s3.amazonaws.com/aws-cloudwatch/downloads/latest/awslogs-agent-setup.py -O\npython ./awslogs-agent-setup.py --non-interactive --region us-east-1 -c ./awslogs.conf\n\n# Start the awslogs service, also start on reboot.\n# Note: Errors go to /var/log/awslogs.log\nservice awslogs start\nchkconfig awslogs on\n\n# # OpenShift setup\n# # See: https://docs.openshift.org/latest/install_config/install/host_preparation.html\n\n# # Install packages required to setup OpenShift.\n# yum install -y wget git net-tools bind-utils iptables-services bridge-utils bash-completion\n# yum update -y\n\n# # Note: The step below is not in the official docs, I needed it to install\n# # Docker. If anyone finds out why, I'd love to know.\n# # See: https://forums.aws.amazon.com/thread.jspa?messageID=574126\n# yum-config-manager --enable rhui-REGION-rhel-server-extras\n\n# # Docker setup. Check the version with `docker version`, should be 1.12.\n# yum install -y docker\n\n# # Configure the Docker storage back end to prepare and use our EBS block device.\n# # https://docs.openshift.org/latest/install_config/install/host_preparation.html#configuring-docker-storage\n# # Why xvdf? See:\n# # http://docs.aws.amazon.com/AWSEC2/latest/UserGuide/ebs-using-volumes.html\n# cat \u003c\u003cEOF \u003e /etc/sysconfig/docker-storage-setup\n# DEVS=/dev/xvdf\n# VG=docker-vg\n# EOF\n# docker-storage-setup\n\n# # Restart docker and go to clean state as required by docker-storage-setup.\n# systemctl stop docker\n# rm -rf /var/lib/docker/*\n# systemctl restart docker\n",
                            "vars.%": "1",
                            "vars.availability_zone": "us-east-1a"
                        },
                        "meta": {},
                        "tainted": false
                    },
                    "deposed": [],
                    "provider": "provider.template"
                },
                "local_file.inventory": {
                    "type": "local_file",
                    "depends_on": [
                        "data.template_file.inventory"
                    ],
                    "primary": {
                        "id": "350ed7cf155ff379b21ea926e9af1278382e3da2",
                        "attributes": {
                            "content": "# Note: This is based on the inventory template at:\n#\n#   https://github.com/kubernetes-sigs/kubespray/blob/master/inventory/sample/hosts.ini\n#\n# Be aware that even though we *have* a bastion, we don't use it here, because\n# this script will run *from* the bastion itself.\n\n# ## Configure 'ip' variable to bind kubernetes services on a\n# ## different ip than the default iface\n# ## We should set etcd_member_name for etcd cluster. The node that is not a etcd member do not need to set the value, or can set the empty string value.\n[all]\nnode1 ansible_host=node1.kubernetes.local  # ip=10.3.0.1 etcd_member_name=etcd1\nnode2 ansible_host=node2.kubernetes.local  # ip=10.3.0.2 etcd_member_name=etcd2\nnode3 ansible_host=node3.kubernetes.local  # ip=10.3.0.3 etcd_member_name=etcd3\nnode4 ansible_host=node4.kubernetes.local  # ip=10.3.0.4 etcd_member_name=etcd4\nnode5 ansible_host=node5.kubernetes.local  # ip=10.3.0.5 etcd_member_name=etcd5\nnode6 ansible_host=node6.kubernetes.local  # ip=10.3.0.6 etcd_member_name=etcd6\n\n[kube-master]\nnode1\nnode2\n\n[etcd]\nnode1\nnode2\nnode3\n\n[kube-node]\nnode2\nnode3\nnode4\nnode5\nnode6\n\n[k8s-cluster:children]\nkube-master\n",
                            "filename": "/Users/dave/repos/github/dwmkerr/terraform-aws-kubernetes/inventory.cfg",
                            "id": "350ed7cf155ff379b21ea926e9af1278382e3da2"
                        },
                        "meta": {},
                        "tainted": false
                    },
                    "deposed": [],
                    "provider": "provider.local"
                }
            },
            "depends_on": []
        }
    ]
}
